// !$*UTF8*$!
{
	archiveVersion = 1;
	classes = {
	};
	objectVersion = 50;
	objects = {

/* Begin PBXBuildFile section */
		059A7170A875F28AF295B4DC /* Pods_LastFM.framework in Frameworks */ = {isa = PBXBuildFile; fileRef = ED7EC25B711B3581B61A0F78 /* Pods_LastFM.framework */; };
		180A9D06226937AC00F2B8EF /* APIParameters.swift in Sources */ = {isa = PBXBuildFile; fileRef = 180A9D05226937AC00F2B8EF /* APIParameters.swift */; };
		180A9D082269384100F2B8EF /* Artist.swift in Sources */ = {isa = PBXBuildFile; fileRef = 180A9D072269384100F2B8EF /* Artist.swift */; };
		18216F942273D94B005672FF /* SavedAlbumDataSource.swift in Sources */ = {isa = PBXBuildFile; fileRef = 18216F932273D94B005672FF /* SavedAlbumDataSource.swift */; };
		18216F962273DABB005672FF /* SavedAlbumController.swift in Sources */ = {isa = PBXBuildFile; fileRef = 18216F952273DABB005672FF /* SavedAlbumController.swift */; };
		18236C2222691B2F004E9190 /* AppDelegate.swift in Sources */ = {isa = PBXBuildFile; fileRef = 18236C2122691B2F004E9190 /* AppDelegate.swift */; };
		18236C2422691B2F004E9190 /* SavedAlbumsViewController.swift in Sources */ = {isa = PBXBuildFile; fileRef = 18236C2322691B2F004E9190 /* SavedAlbumsViewController.swift */; };
		18236C2722691B2F004E9190 /* Main.storyboard in Resources */ = {isa = PBXBuildFile; fileRef = 18236C2522691B2F004E9190 /* Main.storyboard */; };
		18236C2922691B30004E9190 /* Assets.xcassets in Resources */ = {isa = PBXBuildFile; fileRef = 18236C2822691B30004E9190 /* Assets.xcassets */; };
		18236C2C22691B30004E9190 /* LaunchScreen.storyboard in Resources */ = {isa = PBXBuildFile; fileRef = 18236C2A22691B30004E9190 /* LaunchScreen.storyboard */; };
		18236C3722691B30004E9190 /* LastFMTests.swift in Sources */ = {isa = PBXBuildFile; fileRef = 18236C3622691B30004E9190 /* LastFMTests.swift */; };
		18236C4222691B30004E9190 /* LastFMUITests.swift in Sources */ = {isa = PBXBuildFile; fileRef = 18236C4122691B30004E9190 /* LastFMUITests.swift */; };
		18236C5C22692A2F004E9190 /* SearchArtistViewController.swift in Sources */ = {isa = PBXBuildFile; fileRef = 18236C5B22692A2F004E9190 /* SearchArtistViewController.swift */; };
		18236C5E22692BCD004E9190 /* ServiceManager.swift in Sources */ = {isa = PBXBuildFile; fileRef = 18236C5D22692BCD004E9190 /* ServiceManager.swift */; };
		18236C6022692FCD004E9190 /* Endpoints.swift in Sources */ = {isa = PBXBuildFile; fileRef = 18236C5F22692FCD004E9190 /* Endpoints.swift */; };
		1825F737226CF25400697E52 /* MatchInfoView.swift in Sources */ = {isa = PBXBuildFile; fileRef = 1825F735226CF25400697E52 /* MatchInfoView.swift */; };
		1825F738226CF25400697E52 /* MatchInfoView.xib in Resources */ = {isa = PBXBuildFile; fileRef = 1825F736226CF25400697E52 /* MatchInfoView.xib */; };
		184C66D4226F2A5000E0FEF4 /* AlbumDetailsEntity.swift in Sources */ = {isa = PBXBuildFile; fileRef = 184C66D3226F2A5000E0FEF4 /* AlbumDetailsEntity.swift */; };
		184C66D6226FADAA00E0FEF4 /* ImageEntity.swift in Sources */ = {isa = PBXBuildFile; fileRef = 184C66D5226FADAA00E0FEF4 /* ImageEntity.swift */; };
		184C66D8226FADCC00E0FEF4 /* TrackEntity.swift in Sources */ = {isa = PBXBuildFile; fileRef = 184C66D7226FADCC00E0FEF4 /* TrackEntity.swift */; };
		184C66DA226FAFB300E0FEF4 /* ArtistEntity.swift in Sources */ = {isa = PBXBuildFile; fileRef = 184C66D9226FAFB300E0FEF4 /* ArtistEntity.swift */; };
		187A7DD7226B4B4D00B07F22 /* Album.swift in Sources */ = {isa = PBXBuildFile; fileRef = 187A7DD6226B4B4D00B07F22 /* Album.swift */; };
		187A7DD9226B4C8A00B07F22 /* TopAlbums.swift in Sources */ = {isa = PBXBuildFile; fileRef = 187A7DD8226B4C8A00B07F22 /* TopAlbums.swift */; };
		187A7DDB226B4CBD00B07F22 /* AlbumAttributes.swift in Sources */ = {isa = PBXBuildFile; fileRef = 187A7DDA226B4CBD00B07F22 /* AlbumAttributes.swift */; };
		187A7DE1226B57A700B07F22 /* AlbumTableViewCell.swift in Sources */ = {isa = PBXBuildFile; fileRef = 187A7DE0226B57A700B07F22 /* AlbumTableViewCell.swift */; };
		187A7DE3226B57EC00B07F22 /* TopAlbumsViewController.swift in Sources */ = {isa = PBXBuildFile; fileRef = 187A7DE2226B57EC00B07F22 /* TopAlbumsViewController.swift */; };
		187A7DE5226B85C100B07F22 /* Constants.swift in Sources */ = {isa = PBXBuildFile; fileRef = 187A7DE4226B85C100B07F22 /* Constants.swift */; };
		187A7DEF226BCC0500B07F22 /* AlbumDetails.swift in Sources */ = {isa = PBXBuildFile; fileRef = 187A7DEE226BCC0500B07F22 /* AlbumDetails.swift */; };
		187A7DF9226BCEBC00B07F22 /* Track.swift in Sources */ = {isa = PBXBuildFile; fileRef = 187A7DF8226BCEBC00B07F22 /* Track.swift */; };
		188ECF9F226CD42E00CFC2E4 /* AlbumDetailsViewController.swift in Sources */ = {isa = PBXBuildFile; fileRef = 188ECF9E226CD42E00CFC2E4 /* AlbumDetailsViewController.swift */; };
		18A484C6226A03A7004D9DCE /* Image.swift in Sources */ = {isa = PBXBuildFile; fileRef = 18A484C5226A03A7004D9DCE /* Image.swift */; };
		18A484C8226A2948004D9DCE /* ArtistResult.swift in Sources */ = {isa = PBXBuildFile; fileRef = 18A484C7226A2948004D9DCE /* ArtistResult.swift */; };
		18A484CA226A40E7004D9DCE /* ArtistMatches.swift in Sources */ = {isa = PBXBuildFile; fileRef = 18A484C9226A40E7004D9DCE /* ArtistMatches.swift */; };
		18A484CC226A45B5004D9DCE /* Error.swift in Sources */ = {isa = PBXBuildFile; fileRef = 18A484CB226A45B5004D9DCE /* Error.swift */; };
		18A484CE226A496B004D9DCE /* ArtistTableViewCell.swift in Sources */ = {isa = PBXBuildFile; fileRef = 18A484CD226A496B004D9DCE /* ArtistTableViewCell.swift */; };
		18A484D0226A7116004D9DCE /* BaseViewController.swift in Sources */ = {isa = PBXBuildFile; fileRef = 18A484CF226A7116004D9DCE /* BaseViewController.swift */; };
		18BA5FF02275DBBE00A68C3C /* AlbumDataLoader.swift in Sources */ = {isa = PBXBuildFile; fileRef = 18BA5FEF2275DBBE00A68C3C /* AlbumDataLoader.swift */; };
		18BA5FF32275DCF400A68C3C /* SearchArtistDataSource.swift in Sources */ = {isa = PBXBuildFile; fileRef = 18BA5FF22275DCF400A68C3C /* SearchArtistDataSource.swift */; };
		18BA5FF52275DDBB00A68C3C /* SearchArtistController.swift in Sources */ = {isa = PBXBuildFile; fileRef = 18BA5FF42275DDBB00A68C3C /* SearchArtistController.swift */; };
		18BA5FF92275DEA500A68C3C /* TopAlbumsDataSource.swift in Sources */ = {isa = PBXBuildFile; fileRef = 18BA5FF82275DEA500A68C3C /* TopAlbumsDataSource.swift */; };
		18BA5FFB2275DF0900A68C3C /* TopAlbumsController.swift in Sources */ = {isa = PBXBuildFile; fileRef = 18BA5FFA2275DF0900A68C3C /* TopAlbumsController.swift */; };
		18BA5FFE2275DFAA00A68C3C /* AlbumDetailsController.swift in Sources */ = {isa = PBXBuildFile; fileRef = 18BA5FFD2275DFAA00A68C3C /* AlbumDetailsController.swift */; };
		18C8AA882271A4EE00D3A9C5 /* SavedAlbumCollectionViewCell.swift in Sources */ = {isa = PBXBuildFile; fileRef = 18C8AA872271A4EE00D3A9C5 /* SavedAlbumCollectionViewCell.swift */; };
		18E91AB522725E7700C1A690 /* AlbumLoader.swift in Sources */ = {isa = PBXBuildFile; fileRef = 18E91AB422725E7700C1A690 /* AlbumLoader.swift */; };
		18E91AB7227260F000C1A690 /* ArtistLoader.swift in Sources */ = {isa = PBXBuildFile; fileRef = 18E91AB6227260F000C1A690 /* ArtistLoader.swift */; };
		775E853DBDAC5F4E1CD71F73 /* Pods_LastFMUITests.framework in Frameworks */ = {isa = PBXBuildFile; fileRef = E2CBE231825C9171E42FAED1 /* Pods_LastFMUITests.framework */; };
		9F3E5CDBA0F2225B22EBEF83 /* Pods_LastFMTests.framework in Frameworks */ = {isa = PBXBuildFile; fileRef = 0B35DEF344AE29AACBA4CFCC /* Pods_LastFMTests.framework */; };
/* End PBXBuildFile section */

/* Begin PBXContainerItemProxy section */
		18236C3322691B30004E9190 /* PBXContainerItemProxy */ = {
			isa = PBXContainerItemProxy;
			containerPortal = 18236C1622691B2F004E9190 /* Project object */;
			proxyType = 1;
			remoteGlobalIDString = 18236C1D22691B2F004E9190;
			remoteInfo = LastFM;
		};
		18236C3E22691B30004E9190 /* PBXContainerItemProxy */ = {
			isa = PBXContainerItemProxy;
			containerPortal = 18236C1622691B2F004E9190 /* Project object */;
			proxyType = 1;
			remoteGlobalIDString = 18236C1D22691B2F004E9190;
			remoteInfo = LastFM;
		};
/* End PBXContainerItemProxy section */

/* Begin PBXFileReference section */
		0B35DEF344AE29AACBA4CFCC /* Pods_LastFMTests.framework */ = {isa = PBXFileReference; explicitFileType = wrapper.framework; includeInIndex = 0; path = Pods_LastFMTests.framework; sourceTree = BUILT_PRODUCTS_DIR; };
		180A9D05226937AC00F2B8EF /* APIParameters.swift */ = {isa = PBXFileReference; lastKnownFileType = sourcecode.swift; path = APIParameters.swift; sourceTree = "<group>"; };
		180A9D072269384100F2B8EF /* Artist.swift */ = {isa = PBXFileReference; lastKnownFileType = sourcecode.swift; path = Artist.swift; sourceTree = "<group>"; };
		18216F932273D94B005672FF /* SavedAlbumDataSource.swift */ = {isa = PBXFileReference; lastKnownFileType = sourcecode.swift; path = SavedAlbumDataSource.swift; sourceTree = "<group>"; };
		18216F952273DABB005672FF /* SavedAlbumController.swift */ = {isa = PBXFileReference; lastKnownFileType = sourcecode.swift; path = SavedAlbumController.swift; sourceTree = "<group>"; };
		18236C1E22691B2F004E9190 /* LastFM.app */ = {isa = PBXFileReference; explicitFileType = wrapper.application; includeInIndex = 0; path = LastFM.app; sourceTree = BUILT_PRODUCTS_DIR; };
		18236C2122691B2F004E9190 /* AppDelegate.swift */ = {isa = PBXFileReference; lastKnownFileType = sourcecode.swift; path = AppDelegate.swift; sourceTree = "<group>"; };
		18236C2322691B2F004E9190 /* SavedAlbumsViewController.swift */ = {isa = PBXFileReference; lastKnownFileType = sourcecode.swift; path = SavedAlbumsViewController.swift; sourceTree = "<group>"; };
		18236C2622691B2F004E9190 /* Base */ = {isa = PBXFileReference; lastKnownFileType = file.storyboard; name = Base; path = Base.lproj/Main.storyboard; sourceTree = "<group>"; };
		18236C2822691B30004E9190 /* Assets.xcassets */ = {isa = PBXFileReference; lastKnownFileType = folder.assetcatalog; path = Assets.xcassets; sourceTree = "<group>"; };
		18236C2B22691B30004E9190 /* Base */ = {isa = PBXFileReference; lastKnownFileType = file.storyboard; name = Base; path = Base.lproj/LaunchScreen.storyboard; sourceTree = "<group>"; };
		18236C2D22691B30004E9190 /* Info.plist */ = {isa = PBXFileReference; lastKnownFileType = text.plist.xml; path = Info.plist; sourceTree = "<group>"; };
		18236C3222691B30004E9190 /* LastFMTests.xctest */ = {isa = PBXFileReference; explicitFileType = wrapper.cfbundle; includeInIndex = 0; path = LastFMTests.xctest; sourceTree = BUILT_PRODUCTS_DIR; };
		18236C3622691B30004E9190 /* LastFMTests.swift */ = {isa = PBXFileReference; lastKnownFileType = sourcecode.swift; path = LastFMTests.swift; sourceTree = "<group>"; };
		18236C3822691B30004E9190 /* Info.plist */ = {isa = PBXFileReference; lastKnownFileType = text.plist.xml; path = Info.plist; sourceTree = "<group>"; };
		18236C3D22691B30004E9190 /* LastFMUITests.xctest */ = {isa = PBXFileReference; explicitFileType = wrapper.cfbundle; includeInIndex = 0; path = LastFMUITests.xctest; sourceTree = BUILT_PRODUCTS_DIR; };
		18236C4122691B30004E9190 /* LastFMUITests.swift */ = {isa = PBXFileReference; lastKnownFileType = sourcecode.swift; path = LastFMUITests.swift; sourceTree = "<group>"; };
		18236C4322691B30004E9190 /* Info.plist */ = {isa = PBXFileReference; lastKnownFileType = text.plist.xml; path = Info.plist; sourceTree = "<group>"; };
		18236C5B22692A2F004E9190 /* SearchArtistViewController.swift */ = {isa = PBXFileReference; lastKnownFileType = sourcecode.swift; path = SearchArtistViewController.swift; sourceTree = "<group>"; };
		18236C5D22692BCD004E9190 /* ServiceManager.swift */ = {isa = PBXFileReference; lastKnownFileType = sourcecode.swift; path = ServiceManager.swift; sourceTree = "<group>"; };
		18236C5F22692FCD004E9190 /* Endpoints.swift */ = {isa = PBXFileReference; lastKnownFileType = sourcecode.swift; path = Endpoints.swift; sourceTree = "<group>"; };
		1825F735226CF25400697E52 /* MatchInfoView.swift */ = {isa = PBXFileReference; fileEncoding = 4; lastKnownFileType = sourcecode.swift; path = MatchInfoView.swift; sourceTree = "<group>"; };
		1825F736226CF25400697E52 /* MatchInfoView.xib */ = {isa = PBXFileReference; fileEncoding = 4; lastKnownFileType = file.xib; path = MatchInfoView.xib; sourceTree = "<group>"; };
		184C66D3226F2A5000E0FEF4 /* AlbumDetailsEntity.swift */ = {isa = PBXFileReference; lastKnownFileType = sourcecode.swift; path = AlbumDetailsEntity.swift; sourceTree = "<group>"; };
		184C66D5226FADAA00E0FEF4 /* ImageEntity.swift */ = {isa = PBXFileReference; lastKnownFileType = sourcecode.swift; path = ImageEntity.swift; sourceTree = "<group>"; };
		184C66D7226FADCC00E0FEF4 /* TrackEntity.swift */ = {isa = PBXFileReference; lastKnownFileType = sourcecode.swift; path = TrackEntity.swift; sourceTree = "<group>"; };
		184C66D9226FAFB300E0FEF4 /* ArtistEntity.swift */ = {isa = PBXFileReference; lastKnownFileType = sourcecode.swift; path = ArtistEntity.swift; sourceTree = "<group>"; };
		187A7DD6226B4B4D00B07F22 /* Album.swift */ = {isa = PBXFileReference; lastKnownFileType = sourcecode.swift; path = Album.swift; sourceTree = "<group>"; };
		187A7DD8226B4C8A00B07F22 /* TopAlbums.swift */ = {isa = PBXFileReference; lastKnownFileType = sourcecode.swift; path = TopAlbums.swift; sourceTree = "<group>"; };
		187A7DDA226B4CBD00B07F22 /* AlbumAttributes.swift */ = {isa = PBXFileReference; lastKnownFileType = sourcecode.swift; path = AlbumAttributes.swift; sourceTree = "<group>"; };
		187A7DE0226B57A700B07F22 /* AlbumTableViewCell.swift */ = {isa = PBXFileReference; lastKnownFileType = sourcecode.swift; path = AlbumTableViewCell.swift; sourceTree = "<group>"; };
		187A7DE2226B57EC00B07F22 /* TopAlbumsViewController.swift */ = {isa = PBXFileReference; lastKnownFileType = sourcecode.swift; path = TopAlbumsViewController.swift; sourceTree = "<group>"; };
		187A7DE4226B85C100B07F22 /* Constants.swift */ = {isa = PBXFileReference; lastKnownFileType = sourcecode.swift; path = Constants.swift; sourceTree = "<group>"; };
		187A7DEE226BCC0500B07F22 /* AlbumDetails.swift */ = {isa = PBXFileReference; fileEncoding = 4; lastKnownFileType = sourcecode.swift; path = AlbumDetails.swift; sourceTree = "<group>"; };
		187A7DF8226BCEBC00B07F22 /* Track.swift */ = {isa = PBXFileReference; fileEncoding = 4; lastKnownFileType = sourcecode.swift; path = Track.swift; sourceTree = "<group>"; };
		188ECF9E226CD42E00CFC2E4 /* AlbumDetailsViewController.swift */ = {isa = PBXFileReference; lastKnownFileType = sourcecode.swift; path = AlbumDetailsViewController.swift; sourceTree = "<group>"; };
		18A484C5226A03A7004D9DCE /* Image.swift */ = {isa = PBXFileReference; lastKnownFileType = sourcecode.swift; path = Image.swift; sourceTree = "<group>"; };
		18A484C7226A2948004D9DCE /* ArtistResult.swift */ = {isa = PBXFileReference; lastKnownFileType = sourcecode.swift; path = ArtistResult.swift; sourceTree = "<group>"; };
		18A484C9226A40E7004D9DCE /* ArtistMatches.swift */ = {isa = PBXFileReference; lastKnownFileType = sourcecode.swift; path = ArtistMatches.swift; sourceTree = "<group>"; };
		18A484CB226A45B5004D9DCE /* Error.swift */ = {isa = PBXFileReference; lastKnownFileType = sourcecode.swift; path = Error.swift; sourceTree = "<group>"; };
		18A484CD226A496B004D9DCE /* ArtistTableViewCell.swift */ = {isa = PBXFileReference; lastKnownFileType = sourcecode.swift; path = ArtistTableViewCell.swift; sourceTree = "<group>"; };
		18A484CF226A7116004D9DCE /* BaseViewController.swift */ = {isa = PBXFileReference; lastKnownFileType = sourcecode.swift; path = BaseViewController.swift; sourceTree = "<group>"; };
		18BA5FEF2275DBBE00A68C3C /* AlbumDataLoader.swift */ = {isa = PBXFileReference; lastKnownFileType = sourcecode.swift; path = AlbumDataLoader.swift; sourceTree = "<group>"; };
		18BA5FF22275DCF400A68C3C /* SearchArtistDataSource.swift */ = {isa = PBXFileReference; lastKnownFileType = sourcecode.swift; path = SearchArtistDataSource.swift; sourceTree = "<group>"; };
		18BA5FF42275DDBB00A68C3C /* SearchArtistController.swift */ = {isa = PBXFileReference; lastKnownFileType = sourcecode.swift; path = SearchArtistController.swift; sourceTree = "<group>"; };
		18BA5FF82275DEA500A68C3C /* TopAlbumsDataSource.swift */ = {isa = PBXFileReference; lastKnownFileType = sourcecode.swift; path = TopAlbumsDataSource.swift; sourceTree = "<group>"; };
		18BA5FFA2275DF0900A68C3C /* TopAlbumsController.swift */ = {isa = PBXFileReference; lastKnownFileType = sourcecode.swift; path = TopAlbumsController.swift; sourceTree = "<group>"; };
		18BA5FFD2275DFAA00A68C3C /* AlbumDetailsController.swift */ = {isa = PBXFileReference; lastKnownFileType = sourcecode.swift; path = AlbumDetailsController.swift; sourceTree = "<group>"; };
		18C8AA872271A4EE00D3A9C5 /* SavedAlbumCollectionViewCell.swift */ = {isa = PBXFileReference; lastKnownFileType = sourcecode.swift; path = SavedAlbumCollectionViewCell.swift; sourceTree = "<group>"; };
		18E91AB422725E7700C1A690 /* AlbumLoader.swift */ = {isa = PBXFileReference; lastKnownFileType = sourcecode.swift; path = AlbumLoader.swift; sourceTree = "<group>"; };
		18E91AB6227260F000C1A690 /* ArtistLoader.swift */ = {isa = PBXFileReference; lastKnownFileType = sourcecode.swift; path = ArtistLoader.swift; sourceTree = "<group>"; };
		2EB48ECFA7FF978522F9A6BA /* Pods-LastFMTests.release.xcconfig */ = {isa = PBXFileReference; includeInIndex = 1; lastKnownFileType = text.xcconfig; name = "Pods-LastFMTests.release.xcconfig"; path = "Target Support Files/Pods-LastFMTests/Pods-LastFMTests.release.xcconfig"; sourceTree = "<group>"; };
		40FFDFF1B4A0C665D4BC1131 /* Pods-LastFMUITests.release.xcconfig */ = {isa = PBXFileReference; includeInIndex = 1; lastKnownFileType = text.xcconfig; name = "Pods-LastFMUITests.release.xcconfig"; path = "Target Support Files/Pods-LastFMUITests/Pods-LastFMUITests.release.xcconfig"; sourceTree = "<group>"; };
		4D35D916194007CFEEEC2C03 /* Pods-LastFMTests.debug.xcconfig */ = {isa = PBXFileReference; includeInIndex = 1; lastKnownFileType = text.xcconfig; name = "Pods-LastFMTests.debug.xcconfig"; path = "Target Support Files/Pods-LastFMTests/Pods-LastFMTests.debug.xcconfig"; sourceTree = "<group>"; };
		6304929654DCD20942C3AAD7 /* Pods-LastFM.release.xcconfig */ = {isa = PBXFileReference; includeInIndex = 1; lastKnownFileType = text.xcconfig; name = "Pods-LastFM.release.xcconfig"; path = "Target Support Files/Pods-LastFM/Pods-LastFM.release.xcconfig"; sourceTree = "<group>"; };
		6B6248CEC0CBAA3885B07778 /* Pods-LastFMUITests.debug.xcconfig */ = {isa = PBXFileReference; includeInIndex = 1; lastKnownFileType = text.xcconfig; name = "Pods-LastFMUITests.debug.xcconfig"; path = "Target Support Files/Pods-LastFMUITests/Pods-LastFMUITests.debug.xcconfig"; sourceTree = "<group>"; };
		7E62F833B827A79A12290F61 /* Pods-LastFM.debug.xcconfig */ = {isa = PBXFileReference; includeInIndex = 1; lastKnownFileType = text.xcconfig; name = "Pods-LastFM.debug.xcconfig"; path = "Target Support Files/Pods-LastFM/Pods-LastFM.debug.xcconfig"; sourceTree = "<group>"; };
		E2CBE231825C9171E42FAED1 /* Pods_LastFMUITests.framework */ = {isa = PBXFileReference; explicitFileType = wrapper.framework; includeInIndex = 0; path = Pods_LastFMUITests.framework; sourceTree = BUILT_PRODUCTS_DIR; };
		ED7EC25B711B3581B61A0F78 /* Pods_LastFM.framework */ = {isa = PBXFileReference; explicitFileType = wrapper.framework; includeInIndex = 0; path = Pods_LastFM.framework; sourceTree = BUILT_PRODUCTS_DIR; };
/* End PBXFileReference section */

/* Begin PBXFrameworksBuildPhase section */
		18236C1B22691B2F004E9190 /* Frameworks */ = {
			isa = PBXFrameworksBuildPhase;
			buildActionMask = 2147483647;
			files = (
				059A7170A875F28AF295B4DC /* Pods_LastFM.framework in Frameworks */,
			);
			runOnlyForDeploymentPostprocessing = 0;
		};
		18236C2F22691B30004E9190 /* Frameworks */ = {
			isa = PBXFrameworksBuildPhase;
			buildActionMask = 2147483647;
			files = (
				9F3E5CDBA0F2225B22EBEF83 /* Pods_LastFMTests.framework in Frameworks */,
			);
			runOnlyForDeploymentPostprocessing = 0;
		};
		18236C3A22691B30004E9190 /* Frameworks */ = {
			isa = PBXFrameworksBuildPhase;
			buildActionMask = 2147483647;
			files = (
				775E853DBDAC5F4E1CD71F73 /* Pods_LastFMUITests.framework in Frameworks */,
			);
			runOnlyForDeploymentPostprocessing = 0;
		};
/* End PBXFrameworksBuildPhase section */

/* Begin PBXGroup section */
		18216F922273D927005672FF /* SavedAlbum */ = {
			isa = PBXGroup;
			children = (
				18236C2322691B2F004E9190 /* SavedAlbumsViewController.swift */,
				18216F932273D94B005672FF /* SavedAlbumDataSource.swift */,
				18216F952273DABB005672FF /* SavedAlbumController.swift */,
			);
			path = SavedAlbum;
			sourceTree = "<group>";
		};
		18236C1522691B2F004E9190 = {
			isa = PBXGroup;
			children = (
				18236C2022691B2F004E9190 /* LastFM */,
				18236C3522691B30004E9190 /* LastFMTests */,
				18236C4022691B30004E9190 /* LastFMUITests */,
				18236C1F22691B2F004E9190 /* Products */,
				4AD30C2E1F6A1259E6700F0E /* Pods */,
				5F092FE0DD3BE881EE527BE9 /* Frameworks */,
			);
			sourceTree = "<group>";
		};
		18236C1F22691B2F004E9190 /* Products */ = {
			isa = PBXGroup;
			children = (
				18236C1E22691B2F004E9190 /* LastFM.app */,
				18236C3222691B30004E9190 /* LastFMTests.xctest */,
				18236C3D22691B30004E9190 /* LastFMUITests.xctest */,
			);
			name = Products;
			sourceTree = "<group>";
		};
		18236C2022691B2F004E9190 /* LastFM */ = {
			isa = PBXGroup;
			children = (
				18236C5822692151004E9190 /* Utilities */,
				18236C5722692120004E9190 /* Network */,
				18236C5622692119004E9190 /* Database */,
				18236C4F22691BD2004E9190 /* App */,
				18236C5022691BDD004E9190 /* Models */,
				18236C5122691C02004E9190 /* Views */,
				18236C5222691C0A004E9190 /* Controllers */,
				18236C5322691C15004E9190 /* Storyboards */,
				18236C5522691CDD004E9190 /* Resources */,
				18236C2D22691B30004E9190 /* Info.plist */,
			);
			path = LastFM;
			sourceTree = "<group>";
		};
		18236C3522691B30004E9190 /* LastFMTests */ = {
			isa = PBXGroup;
			children = (
				18236C3622691B30004E9190 /* LastFMTests.swift */,
				18236C3822691B30004E9190 /* Info.plist */,
			);
			path = LastFMTests;
			sourceTree = "<group>";
		};
		18236C4022691B30004E9190 /* LastFMUITests */ = {
			isa = PBXGroup;
			children = (
				18236C4122691B30004E9190 /* LastFMUITests.swift */,
				18236C4322691B30004E9190 /* Info.plist */,
			);
			path = LastFMUITests;
			sourceTree = "<group>";
		};
		18236C4F22691BD2004E9190 /* App */ = {
			isa = PBXGroup;
			children = (
				18236C2122691B2F004E9190 /* AppDelegate.swift */,
			);
			path = App;
			sourceTree = "<group>";
		};
		18236C5022691BDD004E9190 /* Models */ = {
			isa = PBXGroup;
			children = (
				187A7DEB226BC9BB00B07F22 /* AlbumDetails */,
				187A7DDF226B4F7D00B07F22 /* Album */,
				187A7DDE226B4F7300B07F22 /* Image */,
				187A7DDD226B4F5D00B07F22 /* Artist */,
			);
			path = Models;
			sourceTree = "<group>";
		};
		18236C5122691C02004E9190 /* Views */ = {
			isa = PBXGroup;
			children = (
				187A7DE6226B896A00B07F22 /* AlbumDetailView */,
				18236C5422691CCA004E9190 /* Cells */,
			);
			path = Views;
			sourceTree = "<group>";
		};
		18236C5222691C0A004E9190 /* Controllers */ = {
			isa = PBXGroup;
			children = (
				18BA5FFC2275DF7C00A68C3C /* AlbumDetails */,
				18BA5FF72275DE8600A68C3C /* TopAlbums */,
				18BA5FF62275DE7400A68C3C /* BaseViewController */,
				18BA5FF12275DCCF00A68C3C /* SearchArtist */,
				18216F922273D927005672FF /* SavedAlbum */,
			);
			path = Controllers;
			sourceTree = "<group>";
		};
		18236C5322691C15004E9190 /* Storyboards */ = {
			isa = PBXGroup;
			children = (
				18236C2522691B2F004E9190 /* Main.storyboard */,
				18236C2A22691B30004E9190 /* LaunchScreen.storyboard */,
			);
			path = Storyboards;
			sourceTree = "<group>";
		};
		18236C5422691CCA004E9190 /* Cells */ = {
			isa = PBXGroup;
			children = (
				18236C5A226926EB004E9190 /* TableViewCells */,
				18236C59226926E2004E9190 /* CollectionViewCells */,
			);
			path = Cells;
			sourceTree = "<group>";
		};
		18236C5522691CDD004E9190 /* Resources */ = {
			isa = PBXGroup;
			children = (
				18236C2822691B30004E9190 /* Assets.xcassets */,
			);
			path = Resources;
			sourceTree = "<group>";
		};
		18236C5622692119004E9190 /* Database */ = {
			isa = PBXGroup;
			children = (
				18BA5FEE2275DB6500A68C3C /* DataLoaders */,
				184C66D2226F2A2C00E0FEF4 /* Entities */,
			);
			path = Database;
			sourceTree = "<group>";
		};
		18236C5722692120004E9190 /* Network */ = {
			isa = PBXGroup;
			children = (
				18E91AB322725E4400C1A690 /* NetworkConstants */,
				18E91AB222725E2B00C1A690 /* Managers */,
				18E91AB122725E2100C1A690 /* APILoaders */,
			);
			path = Network;
			sourceTree = "<group>";
		};
		18236C5822692151004E9190 /* Utilities */ = {
			isa = PBXGroup;
			children = (
				18A484CB226A45B5004D9DCE /* Error.swift */,
				187A7DE4226B85C100B07F22 /* Constants.swift */,
			);
			path = Utilities;
			sourceTree = "<group>";
		};
		18236C59226926E2004E9190 /* CollectionViewCells */ = {
			isa = PBXGroup;
			children = (
				18C8AA872271A4EE00D3A9C5 /* SavedAlbumCollectionViewCell.swift */,
			);
			path = CollectionViewCells;
			sourceTree = "<group>";
		};
		18236C5A226926EB004E9190 /* TableViewCells */ = {
			isa = PBXGroup;
			children = (
				18A484CD226A496B004D9DCE /* ArtistTableViewCell.swift */,
				187A7DE0226B57A700B07F22 /* AlbumTableViewCell.swift */,
			);
			path = TableViewCells;
			sourceTree = "<group>";
		};
		184C66D2226F2A2C00E0FEF4 /* Entities */ = {
			isa = PBXGroup;
			children = (
				184C66D3226F2A5000E0FEF4 /* AlbumDetailsEntity.swift */,
				184C66D5226FADAA00E0FEF4 /* ImageEntity.swift */,
				184C66D7226FADCC00E0FEF4 /* TrackEntity.swift */,
				184C66D9226FAFB300E0FEF4 /* ArtistEntity.swift */,
			);
			path = Entities;
			sourceTree = "<group>";
		};
		187A7DDD226B4F5D00B07F22 /* Artist */ = {
			isa = PBXGroup;
			children = (
				180A9D072269384100F2B8EF /* Artist.swift */,
				18A484C7226A2948004D9DCE /* ArtistResult.swift */,
				18A484C9226A40E7004D9DCE /* ArtistMatches.swift */,
			);
			path = Artist;
			sourceTree = "<group>";
		};
		187A7DDE226B4F7300B07F22 /* Image */ = {
			isa = PBXGroup;
			children = (
				18A484C5226A03A7004D9DCE /* Image.swift */,
			);
			path = Image;
			sourceTree = "<group>";
		};
		187A7DDF226B4F7D00B07F22 /* Album */ = {
			isa = PBXGroup;
			children = (
				187A7DD6226B4B4D00B07F22 /* Album.swift */,
				187A7DD8226B4C8A00B07F22 /* TopAlbums.swift */,
				187A7DDA226B4CBD00B07F22 /* AlbumAttributes.swift */,
			);
			path = Album;
			sourceTree = "<group>";
		};
		187A7DE6226B896A00B07F22 /* AlbumDetailView */ = {
			isa = PBXGroup;
			children = (
				1825F735226CF25400697E52 /* MatchInfoView.swift */,
				1825F736226CF25400697E52 /* MatchInfoView.xib */,
			);
			path = AlbumDetailView;
			sourceTree = "<group>";
		};
		187A7DEB226BC9BB00B07F22 /* AlbumDetails */ = {
			isa = PBXGroup;
			children = (
				187A7DF8226BCEBC00B07F22 /* Track.swift */,
				187A7DEE226BCC0500B07F22 /* AlbumDetails.swift */,
			);
			path = AlbumDetails;
			sourceTree = "<group>";
		};
		18BA5FEE2275DB6500A68C3C /* DataLoaders */ = {
			isa = PBXGroup;
			children = (
				18BA5FEF2275DBBE00A68C3C /* AlbumDataLoader.swift */,
			);
			path = DataLoaders;
			sourceTree = "<group>";
		};
		18BA5FF12275DCCF00A68C3C /* SearchArtist */ = {
			isa = PBXGroup;
			children = (
				18236C5B22692A2F004E9190 /* SearchArtistViewController.swift */,
				18BA5FF22275DCF400A68C3C /* SearchArtistDataSource.swift */,
				18BA5FF42275DDBB00A68C3C /* SearchArtistController.swift */,
			);
			path = SearchArtist;
			sourceTree = "<group>";
		};
		18BA5FF62275DE7400A68C3C /* BaseViewController */ = {
			isa = PBXGroup;
			children = (
				18A484CF226A7116004D9DCE /* BaseViewController.swift */,
			);
			path = BaseViewController;
			sourceTree = "<group>";
		};
		18BA5FF72275DE8600A68C3C /* TopAlbums */ = {
			isa = PBXGroup;
			children = (
				187A7DE2226B57EC00B07F22 /* TopAlbumsViewController.swift */,
				18BA5FF82275DEA500A68C3C /* TopAlbumsDataSource.swift */,
				18BA5FFA2275DF0900A68C3C /* TopAlbumsController.swift */,
			);
			path = TopAlbums;
			sourceTree = "<group>";
		};
		18BA5FFC2275DF7C00A68C3C /* AlbumDetails */ = {
			isa = PBXGroup;
			children = (
				188ECF9E226CD42E00CFC2E4 /* AlbumDetailsViewController.swift */,
				18BA5FFD2275DFAA00A68C3C /* AlbumDetailsController.swift */,
			);
			path = AlbumDetails;
			sourceTree = "<group>";
		};
		18E91AB122725E2100C1A690 /* APILoaders */ = {
			isa = PBXGroup;
			children = (
				18E91AB422725E7700C1A690 /* AlbumLoader.swift */,
				18E91AB6227260F000C1A690 /* ArtistLoader.swift */,
			);
			path = APILoaders;
			sourceTree = "<group>";
		};
		18E91AB222725E2B00C1A690 /* Managers */ = {
			isa = PBXGroup;
			children = (
				18236C5D22692BCD004E9190 /* ServiceManager.swift */,
			);
			path = Managers;
			sourceTree = "<group>";
		};
		18E91AB322725E4400C1A690 /* NetworkConstants */ = {
			isa = PBXGroup;
			children = (
				18236C5F22692FCD004E9190 /* Endpoints.swift */,
				180A9D05226937AC00F2B8EF /* APIParameters.swift */,
			);
			path = NetworkConstants;
			sourceTree = "<group>";
		};
		4AD30C2E1F6A1259E6700F0E /* Pods */ = {
			isa = PBXGroup;
			children = (
				7E62F833B827A79A12290F61 /* Pods-LastFM.debug.xcconfig */,
				6304929654DCD20942C3AAD7 /* Pods-LastFM.release.xcconfig */,
				4D35D916194007CFEEEC2C03 /* Pods-LastFMTests.debug.xcconfig */,
				2EB48ECFA7FF978522F9A6BA /* Pods-LastFMTests.release.xcconfig */,
				6B6248CEC0CBAA3885B07778 /* Pods-LastFMUITests.debug.xcconfig */,
				40FFDFF1B4A0C665D4BC1131 /* Pods-LastFMUITests.release.xcconfig */,
			);
			path = Pods;
			sourceTree = "<group>";
		};
		5F092FE0DD3BE881EE527BE9 /* Frameworks */ = {
			isa = PBXGroup;
			children = (
				ED7EC25B711B3581B61A0F78 /* Pods_LastFM.framework */,
				0B35DEF344AE29AACBA4CFCC /* Pods_LastFMTests.framework */,
				E2CBE231825C9171E42FAED1 /* Pods_LastFMUITests.framework */,
			);
			name = Frameworks;
			sourceTree = "<group>";
		};
/* End PBXGroup section */

/* Begin PBXNativeTarget section */
		18236C1D22691B2F004E9190 /* LastFM */ = {
			isa = PBXNativeTarget;
			buildConfigurationList = 18236C4622691B30004E9190 /* Build configuration list for PBXNativeTarget "LastFM" */;
			buildPhases = (
				4F5A0D0F85706E982EB1114D /* [CP] Check Pods Manifest.lock */,
				18236C1A22691B2F004E9190 /* Sources */,
				18236C1B22691B2F004E9190 /* Frameworks */,
				18236C1C22691B2F004E9190 /* Resources */,
				314F7307557803445C9E4A67 /* [CP] Embed Pods Frameworks */,
			);
			buildRules = (
			);
			dependencies = (
			);
			name = LastFM;
			productName = LastFM;
			productReference = 18236C1E22691B2F004E9190 /* LastFM.app */;
			productType = "com.apple.product-type.application";
		};
		18236C3122691B30004E9190 /* LastFMTests */ = {
			isa = PBXNativeTarget;
			buildConfigurationList = 18236C4922691B30004E9190 /* Build configuration list for PBXNativeTarget "LastFMTests" */;
			buildPhases = (
				7F5DB63F117C683AB044F68D /* [CP] Check Pods Manifest.lock */,
				18236C2E22691B30004E9190 /* Sources */,
				18236C2F22691B30004E9190 /* Frameworks */,
				18236C3022691B30004E9190 /* Resources */,
			);
			buildRules = (
			);
			dependencies = (
				18236C3422691B30004E9190 /* PBXTargetDependency */,
			);
			name = LastFMTests;
			productName = LastFMTests;
			productReference = 18236C3222691B30004E9190 /* LastFMTests.xctest */;
			productType = "com.apple.product-type.bundle.unit-test";
		};
		18236C3C22691B30004E9190 /* LastFMUITests */ = {
			isa = PBXNativeTarget;
			buildConfigurationList = 18236C4C22691B30004E9190 /* Build configuration list for PBXNativeTarget "LastFMUITests" */;
			buildPhases = (
				29D6F070986BE13B495F20CF /* [CP] Check Pods Manifest.lock */,
				18236C3922691B30004E9190 /* Sources */,
				18236C3A22691B30004E9190 /* Frameworks */,
				18236C3B22691B30004E9190 /* Resources */,
			);
			buildRules = (
			);
			dependencies = (
				18236C3F22691B30004E9190 /* PBXTargetDependency */,
			);
			name = LastFMUITests;
			productName = LastFMUITests;
			productReference = 18236C3D22691B30004E9190 /* LastFMUITests.xctest */;
			productType = "com.apple.product-type.bundle.ui-testing";
		};
/* End PBXNativeTarget section */

/* Begin PBXProject section */
		18236C1622691B2F004E9190 /* Project object */ = {
			isa = PBXProject;
			attributes = {
				LastSwiftUpdateCheck = 1020;
				LastUpgradeCheck = 1020;
				ORGANIZATIONNAME = Apple;
				TargetAttributes = {
					18236C1D22691B2F004E9190 = {
						CreatedOnToolsVersion = 10.2;
					};
					18236C3122691B30004E9190 = {
						CreatedOnToolsVersion = 10.2;
						TestTargetID = 18236C1D22691B2F004E9190;
					};
					18236C3C22691B30004E9190 = {
						CreatedOnToolsVersion = 10.2;
						TestTargetID = 18236C1D22691B2F004E9190;
					};
				};
			};
			buildConfigurationList = 18236C1922691B2F004E9190 /* Build configuration list for PBXProject "LastFM" */;
			compatibilityVersion = "Xcode 9.3";
			developmentRegion = en;
			hasScannedForEncodings = 0;
			knownRegions = (
				en,
				Base,
			);
			mainGroup = 18236C1522691B2F004E9190;
			productRefGroup = 18236C1F22691B2F004E9190 /* Products */;
			projectDirPath = "";
			projectRoot = "";
			targets = (
				18236C1D22691B2F004E9190 /* LastFM */,
				18236C3122691B30004E9190 /* LastFMTests */,
				18236C3C22691B30004E9190 /* LastFMUITests */,
			);
		};
/* End PBXProject section */

/* Begin PBXResourcesBuildPhase section */
		18236C1C22691B2F004E9190 /* Resources */ = {
			isa = PBXResourcesBuildPhase;
			buildActionMask = 2147483647;
			files = (
				18236C2C22691B30004E9190 /* LaunchScreen.storyboard in Resources */,
				18236C2922691B30004E9190 /* Assets.xcassets in Resources */,
				1825F738226CF25400697E52 /* MatchInfoView.xib in Resources */,
				18236C2722691B2F004E9190 /* Main.storyboard in Resources */,
			);
			runOnlyForDeploymentPostprocessing = 0;
		};
		18236C3022691B30004E9190 /* Resources */ = {
			isa = PBXResourcesBuildPhase;
			buildActionMask = 2147483647;
			files = (
			);
			runOnlyForDeploymentPostprocessing = 0;
		};
		18236C3B22691B30004E9190 /* Resources */ = {
			isa = PBXResourcesBuildPhase;
			buildActionMask = 2147483647;
			files = (
			);
			runOnlyForDeploymentPostprocessing = 0;
		};
/* End PBXResourcesBuildPhase section */

/* Begin PBXShellScriptBuildPhase section */
		29D6F070986BE13B495F20CF /* [CP] Check Pods Manifest.lock */ = {
			isa = PBXShellScriptBuildPhase;
			buildActionMask = 2147483647;
			files = (
			);
			inputFileListPaths = (
			);
			inputPaths = (
				"${PODS_PODFILE_DIR_PATH}/Podfile.lock",
				"${PODS_ROOT}/Manifest.lock",
			);
			name = "[CP] Check Pods Manifest.lock";
			outputFileListPaths = (
			);
			outputPaths = (
				"$(DERIVED_FILE_DIR)/Pods-LastFMUITests-checkManifestLockResult.txt",
			);
			runOnlyForDeploymentPostprocessing = 0;
			shellPath = /bin/sh;
			shellScript = "diff \"${PODS_PODFILE_DIR_PATH}/Podfile.lock\" \"${PODS_ROOT}/Manifest.lock\" > /dev/null\nif [ $? != 0 ] ; then\n    # print error to STDERR\n    echo \"error: The sandbox is not in sync with the Podfile.lock. Run 'pod install' or update your CocoaPods installation.\" >&2\n    exit 1\nfi\n# This output is used by Xcode 'outputs' to avoid re-running this script phase.\necho \"SUCCESS\" > \"${SCRIPT_OUTPUT_FILE_0}\"\n";
			showEnvVarsInLog = 0;
		};
		314F7307557803445C9E4A67 /* [CP] Embed Pods Frameworks */ = {
			isa = PBXShellScriptBuildPhase;
			buildActionMask = 2147483647;
			files = (
			);
			inputFileListPaths = (
			);
			inputPaths = (
				"${PODS_ROOT}/Target Support Files/Pods-LastFM/Pods-LastFM-frameworks.sh",
				"${BUILT_PRODUCTS_DIR}/Alamofire/Alamofire.framework",
				"${BUILT_PRODUCTS_DIR}/AlamofireImage/AlamofireImage.framework",
				"${BUILT_PRODUCTS_DIR}/AlamofireObjectMapper/AlamofireObjectMapper.framework",
				"${BUILT_PRODUCTS_DIR}/IQKeyboardManagerSwift/IQKeyboardManagerSwift.framework",
				"${BUILT_PRODUCTS_DIR}/MBProgressHUD/MBProgressHUD.framework",
				"${BUILT_PRODUCTS_DIR}/ObjectMapper/ObjectMapper.framework",
				"${BUILT_PRODUCTS_DIR}/Realm/Realm.framework",
				"${BUILT_PRODUCTS_DIR}/RealmSwift/RealmSwift.framework",
			);
			name = "[CP] Embed Pods Frameworks";
			outputFileListPaths = (
			);
			outputPaths = (
				"${TARGET_BUILD_DIR}/${FRAMEWORKS_FOLDER_PATH}/Alamofire.framework",
				"${TARGET_BUILD_DIR}/${FRAMEWORKS_FOLDER_PATH}/AlamofireImage.framework",
				"${TARGET_BUILD_DIR}/${FRAMEWORKS_FOLDER_PATH}/AlamofireObjectMapper.framework",
				"${TARGET_BUILD_DIR}/${FRAMEWORKS_FOLDER_PATH}/IQKeyboardManagerSwift.framework",
				"${TARGET_BUILD_DIR}/${FRAMEWORKS_FOLDER_PATH}/MBProgressHUD.framework",
				"${TARGET_BUILD_DIR}/${FRAMEWORKS_FOLDER_PATH}/ObjectMapper.framework",
				"${TARGET_BUILD_DIR}/${FRAMEWORKS_FOLDER_PATH}/Realm.framework",
				"${TARGET_BUILD_DIR}/${FRAMEWORKS_FOLDER_PATH}/RealmSwift.framework",
			);
			runOnlyForDeploymentPostprocessing = 0;
			shellPath = /bin/sh;
			shellScript = "\"${PODS_ROOT}/Target Support Files/Pods-LastFM/Pods-LastFM-frameworks.sh\"\n";
			showEnvVarsInLog = 0;
		};
		4F5A0D0F85706E982EB1114D /* [CP] Check Pods Manifest.lock */ = {
			isa = PBXShellScriptBuildPhase;
			buildActionMask = 2147483647;
			files = (
			);
			inputFileListPaths = (
			);
			inputPaths = (
				"${PODS_PODFILE_DIR_PATH}/Podfile.lock",
				"${PODS_ROOT}/Manifest.lock",
			);
			name = "[CP] Check Pods Manifest.lock";
			outputFileListPaths = (
			);
			outputPaths = (
				"$(DERIVED_FILE_DIR)/Pods-LastFM-checkManifestLockResult.txt",
			);
			runOnlyForDeploymentPostprocessing = 0;
			shellPath = /bin/sh;
			shellScript = "diff \"${PODS_PODFILE_DIR_PATH}/Podfile.lock\" \"${PODS_ROOT}/Manifest.lock\" > /dev/null\nif [ $? != 0 ] ; then\n    # print error to STDERR\n    echo \"error: The sandbox is not in sync with the Podfile.lock. Run 'pod install' or update your CocoaPods installation.\" >&2\n    exit 1\nfi\n# This output is used by Xcode 'outputs' to avoid re-running this script phase.\necho \"SUCCESS\" > \"${SCRIPT_OUTPUT_FILE_0}\"\n";
			showEnvVarsInLog = 0;
		};
		7F5DB63F117C683AB044F68D /* [CP] Check Pods Manifest.lock */ = {
			isa = PBXShellScriptBuildPhase;
			buildActionMask = 2147483647;
			files = (
			);
			inputFileListPaths = (
			);
			inputPaths = (
				"${PODS_PODFILE_DIR_PATH}/Podfile.lock",
				"${PODS_ROOT}/Manifest.lock",
			);
			name = "[CP] Check Pods Manifest.lock";
			outputFileListPaths = (
			);
			outputPaths = (
				"$(DERIVED_FILE_DIR)/Pods-LastFMTests-checkManifestLockResult.txt",
			);
			runOnlyForDeploymentPostprocessing = 0;
			shellPath = /bin/sh;
			shellScript = "diff \"${PODS_PODFILE_DIR_PATH}/Podfile.lock\" \"${PODS_ROOT}/Manifest.lock\" > /dev/null\nif [ $? != 0 ] ; then\n    # print error to STDERR\n    echo \"error: The sandbox is not in sync with the Podfile.lock. Run 'pod install' or update your CocoaPods installation.\" >&2\n    exit 1\nfi\n# This output is used by Xcode 'outputs' to avoid re-running this script phase.\necho \"SUCCESS\" > \"${SCRIPT_OUTPUT_FILE_0}\"\n";
			showEnvVarsInLog = 0;
		};
/* End PBXShellScriptBuildPhase section */

/* Begin PBXSourcesBuildPhase section */
		18236C1A22691B2F004E9190 /* Sources */ = {
			isa = PBXSourcesBuildPhase;
			buildActionMask = 2147483647;
			files = (
				18C8AA882271A4EE00D3A9C5 /* SavedAlbumCollectionViewCell.swift in Sources */,
				180A9D06226937AC00F2B8EF /* APIParameters.swift in Sources */,
				184C66DA226FAFB300E0FEF4 /* ArtistEntity.swift in Sources */,
				18BA5FF32275DCF400A68C3C /* SearchArtistDataSource.swift in Sources */,
				18A484C6226A03A7004D9DCE /* Image.swift in Sources */,
				18236C5C22692A2F004E9190 /* SearchArtistViewController.swift in Sources */,
				187A7DEF226BCC0500B07F22 /* AlbumDetails.swift in Sources */,
				18A484CC226A45B5004D9DCE /* Error.swift in Sources */,
				187A7DE5226B85C100B07F22 /* Constants.swift in Sources */,
				187A7DE1226B57A700B07F22 /* AlbumTableViewCell.swift in Sources */,
				18BA5FF52275DDBB00A68C3C /* SearchArtistController.swift in Sources */,
				18236C2422691B2F004E9190 /* SavedAlbumsViewController.swift in Sources */,
				18BA5FFE2275DFAA00A68C3C /* AlbumDetailsController.swift in Sources */,
				187A7DE3226B57EC00B07F22 /* TopAlbumsViewController.swift in Sources */,
				187A7DD7226B4B4D00B07F22 /* Album.swift in Sources */,
				18BA5FF92275DEA500A68C3C /* TopAlbumsDataSource.swift in Sources */,
				187A7DF9226BCEBC00B07F22 /* Track.swift in Sources */,
				18236C2222691B2F004E9190 /* AppDelegate.swift in Sources */,
				18BA5FF02275DBBE00A68C3C /* AlbumDataLoader.swift in Sources */,
				18236C5E22692BCD004E9190 /* ServiceManager.swift in Sources */,
				18E91AB522725E7700C1A690 /* AlbumLoader.swift in Sources */,
				18216F942273D94B005672FF /* SavedAlbumDataSource.swift in Sources */,
				188ECF9F226CD42E00CFC2E4 /* AlbumDetailsViewController.swift in Sources */,
				187A7DDB226B4CBD00B07F22 /* AlbumAttributes.swift in Sources */,
				18A484CA226A40E7004D9DCE /* ArtistMatches.swift in Sources */,
				184C66D8226FADCC00E0FEF4 /* TrackEntity.swift in Sources */,
				18A484D0226A7116004D9DCE /* BaseViewController.swift in Sources */,
				18236C6022692FCD004E9190 /* Endpoints.swift in Sources */,
				18A484C8226A2948004D9DCE /* ArtistResult.swift in Sources */,
				1825F737226CF25400697E52 /* MatchInfoView.swift in Sources */,
				18A484CE226A496B004D9DCE /* ArtistTableViewCell.swift in Sources */,
				180A9D082269384100F2B8EF /* Artist.swift in Sources */,
				187A7DD9226B4C8A00B07F22 /* TopAlbums.swift in Sources */,
				184C66D6226FADAA00E0FEF4 /* ImageEntity.swift in Sources */,
				18BA5FFB2275DF0900A68C3C /* TopAlbumsController.swift in Sources */,
				18216F962273DABB005672FF /* SavedAlbumController.swift in Sources */,
				184C66D4226F2A5000E0FEF4 /* AlbumDetailsEntity.swift in Sources */,
				18E91AB7227260F000C1A690 /* ArtistLoader.swift in Sources */,
			);
			runOnlyForDeploymentPostprocessing = 0;
		};
		18236C2E22691B30004E9190 /* Sources */ = {
			isa = PBXSourcesBuildPhase;
			buildActionMask = 2147483647;
			files = (
				18236C3722691B30004E9190 /* LastFMTests.swift in Sources */,
			);
			runOnlyForDeploymentPostprocessing = 0;
		};
		18236C3922691B30004E9190 /* Sources */ = {
			isa = PBXSourcesBuildPhase;
			buildActionMask = 2147483647;
			files = (
				18236C4222691B30004E9190 /* LastFMUITests.swift in Sources */,
			);
			runOnlyForDeploymentPostprocessing = 0;
		};
/* End PBXSourcesBuildPhase section */

/* Begin PBXTargetDependency section */
		18236C3422691B30004E9190 /* PBXTargetDependency */ = {
			isa = PBXTargetDependency;
			target = 18236C1D22691B2F004E9190 /* LastFM */;
			targetProxy = 18236C3322691B30004E9190 /* PBXContainerItemProxy */;
		};
		18236C3F22691B30004E9190 /* PBXTargetDependency */ = {
			isa = PBXTargetDependency;
			target = 18236C1D22691B2F004E9190 /* LastFM */;
			targetProxy = 18236C3E22691B30004E9190 /* PBXContainerItemProxy */;
		};
/* End PBXTargetDependency section */

/* Begin PBXVariantGroup section */
		18236C2522691B2F004E9190 /* Main.storyboard */ = {
			isa = PBXVariantGroup;
			children = (
				18236C2622691B2F004E9190 /* Base */,
			);
			name = Main.storyboard;
			sourceTree = "<group>";
		};
		18236C2A22691B30004E9190 /* LaunchScreen.storyboard */ = {
			isa = PBXVariantGroup;
			children = (
				18236C2B22691B30004E9190 /* Base */,
			);
			name = LaunchScreen.storyboard;
			sourceTree = "<group>";
		};
/* End PBXVariantGroup section */

/* Begin XCBuildConfiguration section */
		18236C4422691B30004E9190 /* Debug */ = {
			isa = XCBuildConfiguration;
			buildSettings = {
				ALWAYS_SEARCH_USER_PATHS = NO;
				CLANG_ANALYZER_NONNULL = YES;
				CLANG_ANALYZER_NUMBER_OBJECT_CONVERSION = YES_AGGRESSIVE;
				CLANG_CXX_LANGUAGE_STANDARD = "gnu++14";
				CLANG_CXX_LIBRARY = "libc++";
				CLANG_ENABLE_MODULES = YES;
				CLANG_ENABLE_OBJC_ARC = YES;
				CLANG_ENABLE_OBJC_WEAK = YES;
				CLANG_WARN_BLOCK_CAPTURE_AUTORELEASING = YES;
				CLANG_WARN_BOOL_CONVERSION = YES;
				CLANG_WARN_COMMA = YES;
				CLANG_WARN_CONSTANT_CONVERSION = YES;
				CLANG_WARN_DEPRECATED_OBJC_IMPLEMENTATIONS = YES;
				CLANG_WARN_DIRECT_OBJC_ISA_USAGE = YES_ERROR;
				CLANG_WARN_DOCUMENTATION_COMMENTS = YES;
				CLANG_WARN_EMPTY_BODY = YES;
				CLANG_WARN_ENUM_CONVERSION = YES;
				CLANG_WARN_INFINITE_RECURSION = YES;
				CLANG_WARN_INT_CONVERSION = YES;
				CLANG_WARN_NON_LITERAL_NULL_CONVERSION = YES;
				CLANG_WARN_OBJC_IMPLICIT_RETAIN_SELF = YES;
				CLANG_WARN_OBJC_LITERAL_CONVERSION = YES;
				CLANG_WARN_OBJC_ROOT_CLASS = YES_ERROR;
				CLANG_WARN_RANGE_LOOP_ANALYSIS = YES;
				CLANG_WARN_STRICT_PROTOTYPES = YES;
				CLANG_WARN_SUSPICIOUS_MOVE = YES;
				CLANG_WARN_UNGUARDED_AVAILABILITY = YES_AGGRESSIVE;
				CLANG_WARN_UNREACHABLE_CODE = YES;
				CLANG_WARN__DUPLICATE_METHOD_MATCH = YES;
				CODE_SIGN_IDENTITY = "iPhone Developer";
				COPY_PHASE_STRIP = NO;
				DEBUG_INFORMATION_FORMAT = dwarf;
				ENABLE_STRICT_OBJC_MSGSEND = YES;
				ENABLE_TESTABILITY = YES;
				GCC_C_LANGUAGE_STANDARD = gnu11;
				GCC_DYNAMIC_NO_PIC = NO;
				GCC_NO_COMMON_BLOCKS = YES;
				GCC_OPTIMIZATION_LEVEL = 0;
				GCC_PREPROCESSOR_DEFINITIONS = (
					"DEBUG=1",
					"$(inherited)",
				);
				GCC_WARN_64_TO_32_BIT_CONVERSION = YES;
				GCC_WARN_ABOUT_RETURN_TYPE = YES_ERROR;
				GCC_WARN_UNDECLARED_SELECTOR = YES;
				GCC_WARN_UNINITIALIZED_AUTOS = YES_AGGRESSIVE;
				GCC_WARN_UNUSED_FUNCTION = YES;
				GCC_WARN_UNUSED_VARIABLE = YES;
				IPHONEOS_DEPLOYMENT_TARGET = 12.2;
				MTL_ENABLE_DEBUG_INFO = INCLUDE_SOURCE;
				MTL_FAST_MATH = YES;
				ONLY_ACTIVE_ARCH = YES;
				SDKROOT = iphoneos;
				SWIFT_ACTIVE_COMPILATION_CONDITIONS = DEBUG;
				SWIFT_OPTIMIZATION_LEVEL = "-Onone";
			};
			name = Debug;
		};
		18236C4522691B30004E9190 /* Release */ = {
			isa = XCBuildConfiguration;
			buildSettings = {
				ALWAYS_SEARCH_USER_PATHS = NO;
				CLANG_ANALYZER_NONNULL = YES;
				CLANG_ANALYZER_NUMBER_OBJECT_CONVERSION = YES_AGGRESSIVE;
				CLANG_CXX_LANGUAGE_STANDARD = "gnu++14";
				CLANG_CXX_LIBRARY = "libc++";
				CLANG_ENABLE_MODULES = YES;
				CLANG_ENABLE_OBJC_ARC = YES;
				CLANG_ENABLE_OBJC_WEAK = YES;
				CLANG_WARN_BLOCK_CAPTURE_AUTORELEASING = YES;
				CLANG_WARN_BOOL_CONVERSION = YES;
				CLANG_WARN_COMMA = YES;
				CLANG_WARN_CONSTANT_CONVERSION = YES;
				CLANG_WARN_DEPRECATED_OBJC_IMPLEMENTATIONS = YES;
				CLANG_WARN_DIRECT_OBJC_ISA_USAGE = YES_ERROR;
				CLANG_WARN_DOCUMENTATION_COMMENTS = YES;
				CLANG_WARN_EMPTY_BODY = YES;
				CLANG_WARN_ENUM_CONVERSION = YES;
				CLANG_WARN_INFINITE_RECURSION = YES;
				CLANG_WARN_INT_CONVERSION = YES;
				CLANG_WARN_NON_LITERAL_NULL_CONVERSION = YES;
				CLANG_WARN_OBJC_IMPLICIT_RETAIN_SELF = YES;
				CLANG_WARN_OBJC_LITERAL_CONVERSION = YES;
				CLANG_WARN_OBJC_ROOT_CLASS = YES_ERROR;
				CLANG_WARN_RANGE_LOOP_ANALYSIS = YES;
				CLANG_WARN_STRICT_PROTOTYPES = YES;
				CLANG_WARN_SUSPICIOUS_MOVE = YES;
				CLANG_WARN_UNGUARDED_AVAILABILITY = YES_AGGRESSIVE;
				CLANG_WARN_UNREACHABLE_CODE = YES;
				CLANG_WARN__DUPLICATE_METHOD_MATCH = YES;
				CODE_SIGN_IDENTITY = "iPhone Developer";
				COPY_PHASE_STRIP = NO;
				DEBUG_INFORMATION_FORMAT = "dwarf-with-dsym";
				ENABLE_NS_ASSERTIONS = NO;
				ENABLE_STRICT_OBJC_MSGSEND = YES;
				GCC_C_LANGUAGE_STANDARD = gnu11;
				GCC_NO_COMMON_BLOCKS = YES;
				GCC_WARN_64_TO_32_BIT_CONVERSION = YES;
				GCC_WARN_ABOUT_RETURN_TYPE = YES_ERROR;
				GCC_WARN_UNDECLARED_SELECTOR = YES;
				GCC_WARN_UNINITIALIZED_AUTOS = YES_AGGRESSIVE;
				GCC_WARN_UNUSED_FUNCTION = YES;
				GCC_WARN_UNUSED_VARIABLE = YES;
				IPHONEOS_DEPLOYMENT_TARGET = 12.2;
				MTL_ENABLE_DEBUG_INFO = NO;
				MTL_FAST_MATH = YES;
				SDKROOT = iphoneos;
				SWIFT_COMPILATION_MODE = wholemodule;
				SWIFT_OPTIMIZATION_LEVEL = "-O";
				VALIDATE_PRODUCT = YES;
			};
			name = Release;
		};
		18236C4722691B30004E9190 /* Debug */ = {
			isa = XCBuildConfiguration;
			baseConfigurationReference = 7E62F833B827A79A12290F61 /* Pods-LastFM.debug.xcconfig */;
			buildSettings = {
				ASSETCATALOG_COMPILER_APPICON_NAME = AppIcon;
				CODE_SIGN_STYLE = Automatic;
				INFOPLIST_FILE = LastFM/Info.plist;
				LD_RUNPATH_SEARCH_PATHS = (
					"$(inherited)",
					"@executable_path/Frameworks",
				);
				PRODUCT_BUNDLE_IDENTIFIER = com.gr.LastFM;
				PRODUCT_NAME = "$(TARGET_NAME)";
				SWIFT_VERSION = 5.0;
				TARGETED_DEVICE_FAMILY = "1,2";
			};
			name = Debug;
		};
		18236C4822691B30004E9190 /* Release */ = {
			isa = XCBuildConfiguration;
			baseConfigurationReference = 6304929654DCD20942C3AAD7 /* Pods-LastFM.release.xcconfig */;
			buildSettings = {
				ASSETCATALOG_COMPILER_APPICON_NAME = AppIcon;
				CODE_SIGN_STYLE = Automatic;
				INFOPLIST_FILE = LastFM/Info.plist;
				LD_RUNPATH_SEARCH_PATHS = (
					"$(inherited)",
					"@executable_path/Frameworks",
				);
				PRODUCT_BUNDLE_IDENTIFIER = com.gr.LastFM;
				PRODUCT_NAME = "$(TARGET_NAME)";
				SWIFT_VERSION = 5.0;
				TARGETED_DEVICE_FAMILY = "1,2";
			};
			name = Release;
		};
		18236C4A22691B30004E9190 /* Debug */ = {
			isa = XCBuildConfiguration;
			baseConfigurationReference = 4D35D916194007CFEEEC2C03 /* Pods-LastFMTests.debug.xcconfig */;
			buildSettings = {
				ALWAYS_EMBED_SWIFT_STANDARD_LIBRARIES = YES;
				BUNDLE_LOADER = "$(TEST_HOST)";
				CODE_SIGN_STYLE = Automatic;
				INFOPLIST_FILE = LastFMTests/Info.plist;
				LD_RUNPATH_SEARCH_PATHS = (
					"$(inherited)",
					"@executable_path/Frameworks",
					"@loader_path/Frameworks",
				);
				PRODUCT_BUNDLE_IDENTIFIER = com.gr.LastFMTests;
				PRODUCT_NAME = "$(TARGET_NAME)";
				SWIFT_VERSION = 5.0;
				TARGETED_DEVICE_FAMILY = "1,2";
				TEST_HOST = "$(BUILT_PRODUCTS_DIR)/LastFM.app/LastFM";
			};
			name = Debug;
		};
		18236C4B22691B30004E9190 /* Release */ = {
			isa = XCBuildConfiguration;
			baseConfigurationReference = 2EB48ECFA7FF978522F9A6BA /* Pods-LastFMTests.release.xcconfig */;
			buildSettings = {
				ALWAYS_EMBED_SWIFT_STANDARD_LIBRARIES = YES;
				BUNDLE_LOADER = "$(TEST_HOST)";
				CODE_SIGN_STYLE = Automatic;
				INFOPLIST_FILE = LastFMTests/Info.plist;
				LD_RUNPATH_SEARCH_PATHS = (
					"$(inherited)",
					"@executable_path/Frameworks",
					"@loader_path/Frameworks",
				);
				PRODUCT_BUNDLE_IDENTIFIER = com.gr.LastFMTests;
				PRODUCT_NAME = "$(TARGET_NAME)";
				SWIFT_VERSION = 5.0;
				TARGETED_DEVICE_FAMILY = "1,2";
				TEST_HOST = "$(BUILT_PRODUCTS_DIR)/LastFM.app/LastFM";
			};
			name = Release;
		};
		18236C4D22691B30004E9190 /* Debug */ = {
			isa = XCBuildConfiguration;
			baseConfigurationReference = 6B6248CEC0CBAA3885B07778 /* Pods-LastFMUITests.debug.xcconfig */;
			buildSettings = {
				ALWAYS_EMBED_SWIFT_STANDARD_LIBRARIES = YES;
				CODE_SIGN_STYLE = Automatic;
				INFOPLIST_FILE = LastFMUITests/Info.plist;
				LD_RUNPATH_SEARCH_PATHS = (
					"$(inherited)",
					"@executable_path/Frameworks",
					"@loader_path/Frameworks",
				);
				PRODUCT_BUNDLE_IDENTIFIER = com.gr.LastFMUITests;
				PRODUCT_NAME = "$(TARGET_NAME)";
				SWIFT_VERSION = 5.0;
				TARGETED_DEVICE_FAMILY = "1,2";
				TEST_TARGET_NAME = LastFM;
			};
			name = Debug;
		};
		18236C4E22691B30004E9190 /* Release */ = {
			isa = XCBuildConfiguration;
			baseConfigurationReference = 40FFDFF1B4A0C665D4BC1131 /* Pods-LastFMUITests.release.xcconfig */;
			buildSettings = {
				ALWAYS_EMBED_SWIFT_STANDARD_LIBRARIES = YES;
				CODE_SIGN_STYLE = Automatic;
				INFOPLIST_FILE = LastFMUITests/Info.plist;
				LD_RUNPATH_SEARCH_PATHS = (
					"$(inherited)",
					"@executable_path/Frameworks",
					"@loader_path/Frameworks",
				);
				PRODUCT_BUNDLE_IDENTIFIER = com.gr.LastFMUITests;
				PRODUCT_NAME = "$(TARGET_NAME)";
				SWIFT_VERSION = 5.0;
				TARGETED_DEVICE_FAMILY = "1,2";
				TEST_TARGET_NAME = LastFM;
			};
			name = Release;
		};
/* End XCBuildConfiguration section */

/* Begin XCConfigurationList section */
		18236C1922691B2F004E9190 /* Build configuration list for PBXProject "LastFM" */ = {
			isa = XCConfigurationList;
			buildConfigurations = (
				18236C4422691B30004E9190 /* Debug */,
				18236C4522691B30004E9190 /* Release */,
			);
			defaultConfigurationIsVisible = 0;
			defaultConfigurationName = Release;
		};
		18236C4622691B30004E9190 /* Build configuration list for PBXNativeTarget "LastFM" */ = {
			isa = XCConfigurationList;
			buildConfigurations = (
				18236C4722691B30004E9190 /* Debug */,
				18236C4822691B30004E9190 /* Release */,
			);
			defaultConfigurationIsVisible = 0;
			defaultConfigurationName = Release;
		};
		18236C4922691B30004E9190 /* Build configuration list for PBXNativeTarget "LastFMTests" */ = {
			isa = XCConfigurationList;
			buildConfigurations = (
				18236C4A22691B30004E9190 /* Debug */,
				18236C4B22691B30004E9190 /* Release */,
			);
			defaultConfigurationIsVisible = 0;
			defaultConfigurationName = Release;
		};
		18236C4C22691B30004E9190 /* Build configuration list for PBXNativeTarget "LastFMUITests" */ = {
			isa = XCConfigurationList;
			buildConfigurations = (
				18236C4D22691B30004E9190 /* Debug */,
				18236C4E22691B30004E9190 /* Release */,
			);
			defaultConfigurationIsVisible = 0;
			defaultConfigurationName = Release;
		};
/* End XCConfigurationList section */
	};
	rootObject = 18236C1622691B2F004E9190 /* Project object */;
}
